// !$*UTF8*$!
{
	archiveVersion = 1;
	classes = {
	};
	objectVersion = 46;
	objects = {

/* Begin PBXBuildFile section */
		310467A319188D4900319AE1 /* image1.png in Resources */ = {isa = PBXBuildFile; fileRef = 310467A119188D4900319AE1 /* image1.png */; };
		310467A419188D4900319AE1 /* image2.png in Resources */ = {isa = PBXBuildFile; fileRef = 310467A219188D4900319AE1 /* image2.png */; };
		310467A7191890A200319AE1 /* image3.png in Resources */ = {isa = PBXBuildFile; fileRef = 310467A5191890A200319AE1 /* image3.png */; };
		310467A8191890A200319AE1 /* image7.png in Resources */ = {isa = PBXBuildFile; fileRef = 310467A6191890A200319AE1 /* image7.png */; };
		310467AA1918916500319AE1 /* image4.png in Resources */ = {isa = PBXBuildFile; fileRef = 310467A91918916500319AE1 /* image4.png */; };
		310467AC1918947900319AE1 /* image_set1.png in Resources */ = {isa = PBXBuildFile; fileRef = 310467AB1918947900319AE1 /* image_set1.png */; };
		310467F619189B7300319AE1 /* gear.png in Resources */ = {isa = PBXBuildFile; fileRef = 310467F519189B7300319AE1 /* gear.png */; };
		310467F819189E4300319AE1 /* gear_clear.png in Resources */ = {isa = PBXBuildFile; fileRef = 310467F719189E4200319AE1 /* gear_clear.png */; };
		310467FA1918A28600319AE1 /* image5.png in Resources */ = {isa = PBXBuildFile; fileRef = 310467F91918A28600319AE1 /* image5.png */; };
		3108B123190B72800028B33D /* username.png in Resources */ = {isa = PBXBuildFile; fileRef = 3108B122190B72800028B33D /* username.png */; };
		3108B125190B72880028B33D /* password.png in Resources */ = {isa = PBXBuildFile; fileRef = 3108B124190B72880028B33D /* password.png */; };
		3116097E190B626500A9A37E /* textField.png in Resources */ = {isa = PBXBuildFile; fileRef = 3116097D190B626500A9A37E /* textField.png */; };
		31160980190B633300A9A37E /* textField2.png in Resources */ = {isa = PBXBuildFile; fileRef = 3116097F190B633300A9A37E /* textField2.png */; };
		31160982190B63D600A9A37E /* CTV_login_screen_2.png in Resources */ = {isa = PBXBuildFile; fileRef = 31160981190B63D600A9A37E /* CTV_login_screen_2.png */; };
		31160984190B662D00A9A37E /* txtField_3.png in Resources */ = {isa = PBXBuildFile; fileRef = 31160983190B662D00A9A37E /* txtField_3.png */; };
		31160986190B676800A9A37E /* ChalkTheVote_newLogo_gradient.png in Resources */ = {isa = PBXBuildFile; fileRef = 31160985190B676800A9A37E /* ChalkTheVote_newLogo_gradient.png */; };
		31160988190B685D00A9A37E /* login.png in Resources */ = {isa = PBXBuildFile; fileRef = 31160987190B685D00A9A37E /* login.png */; };
		3127431C18FF53D50053B47A /* Icon-114.png in Resources */ = {isa = PBXBuildFile; fileRef = 3127431B18FF53D50053B47A /* Icon-114.png */; };
		317D4A68190D4AD900DB744E /* icon_CTV.png in Resources */ = {isa = PBXBuildFile; fileRef = 317D4A67190D4AD900DB744E /* icon_CTV.png */; };
		31B3FB9418F48BA60067BA4C /* CTV_app_background.png in Resources */ = {isa = PBXBuildFile; fileRef = 31B3FB9318F48BA60067BA4C /* CTV_app_background.png */; };
		31B434F418FE328600B1F15D /* CTV_login_screen.png in Resources */ = {isa = PBXBuildFile; fileRef = 31B434F318FE328600B1F15D /* CTV_login_screen.png */; };
		31B434F618FE3E8800B1F15D /* CTV_app_classes.png in Resources */ = {isa = PBXBuildFile; fileRef = 31B434F518FE3E8800B1F15D /* CTV_app_classes.png */; };
		31B434FA18FE487500B1F15D /* chalkLine.png in Resources */ = {isa = PBXBuildFile; fileRef = 31B434F918FE487500B1F15D /* chalkLine.png */; };
		31B434FC18FE4B4700B1F15D /* CTV_class_selection.png in Resources */ = {isa = PBXBuildFile; fileRef = 31B434FB18FE4B4700B1F15D /* CTV_class_selection.png */; };
		31B434FE18FEDC4B00B1F15D /* cell_background.png in Resources */ = {isa = PBXBuildFile; fileRef = 31B434FD18FEDC4B00B1F15D /* cell_background.png */; };
		31B4350018FEDED200B1F15D /* cell_height2.png in Resources */ = {isa = PBXBuildFile; fileRef = 31B434FF18FEDED200B1F15D /* cell_height2.png */; };
		31B4350218FEE01200B1F15D /* cell_back3.png in Resources */ = {isa = PBXBuildFile; fileRef = 31B4350118FEE01200B1F15D /* cell_back3.png */; };
		31C6F4B318FF23030078ED72 /* CTV_app_background_3.png in Resources */ = {isa = PBXBuildFile; fileRef = 31C6F4B218FF23030078ED72 /* CTV_app_background_3.png */; };
		31C6F4B518FF241C0078ED72 /* CTV_app_background_4.png in Resources */ = {isa = PBXBuildFile; fileRef = 31C6F4B418FF241C0078ED72 /* CTV_app_background_4.png */; };
		E80F2AE718D8B78700035BFA /* Foundation.framework in Frameworks */ = {isa = PBXBuildFile; fileRef = E80F2AE618D8B78700035BFA /* Foundation.framework */; };
		E80F2AE918D8B78700035BFA /* CoreGraphics.framework in Frameworks */ = {isa = PBXBuildFile; fileRef = E80F2AE818D8B78700035BFA /* CoreGraphics.framework */; };
		E80F2AEB18D8B78700035BFA /* UIKit.framework in Frameworks */ = {isa = PBXBuildFile; fileRef = E80F2AEA18D8B78700035BFA /* UIKit.framework */; };
		E80F2AF118D8B78700035BFA /* InfoPlist.strings in Resources */ = {isa = PBXBuildFile; fileRef = E80F2AEF18D8B78700035BFA /* InfoPlist.strings */; };
		E80F2AF318D8B78700035BFA /* main.m in Sources */ = {isa = PBXBuildFile; fileRef = E80F2AF218D8B78700035BFA /* main.m */; };
		E80F2AF718D8B78700035BFA /* CTVAppDelegate.m in Sources */ = {isa = PBXBuildFile; fileRef = E80F2AF618D8B78700035BFA /* CTVAppDelegate.m */; };
		E80F2AFA18D8B78700035BFA /* Main.storyboard in Resources */ = {isa = PBXBuildFile; fileRef = E80F2AF818D8B78700035BFA /* Main.storyboard */; };
		E80F2AFD18D8B78700035BFA /* CTVViewController.m in Sources */ = {isa = PBXBuildFile; fileRef = E80F2AFC18D8B78700035BFA /* CTVViewController.m */; };
		E80F2AFF18D8B78700035BFA /* Images.xcassets in Resources */ = {isa = PBXBuildFile; fileRef = E80F2AFE18D8B78700035BFA /* Images.xcassets */; };
		E80F2B0618D8B78700035BFA /* XCTest.framework in Frameworks */ = {isa = PBXBuildFile; fileRef = E80F2B0518D8B78700035BFA /* XCTest.framework */; };
		E80F2B0718D8B78700035BFA /* Foundation.framework in Frameworks */ = {isa = PBXBuildFile; fileRef = E80F2AE618D8B78700035BFA /* Foundation.framework */; };
		E80F2B0818D8B78700035BFA /* UIKit.framework in Frameworks */ = {isa = PBXBuildFile; fileRef = E80F2AEA18D8B78700035BFA /* UIKit.framework */; };
		E80F2B1018D8B78700035BFA /* InfoPlist.strings in Resources */ = {isa = PBXBuildFile; fileRef = E80F2B0E18D8B78700035BFA /* InfoPlist.strings */; };
		E80F2B1218D8B78700035BFA /* ChalkTheVoteMobileTests.m in Sources */ = {isa = PBXBuildFile; fileRef = E80F2B1118D8B78700035BFA /* ChalkTheVoteMobileTests.m */; };
		E80F2B2018DA06A100035BFA /* CTVClassesTableViewController.m in Sources */ = {isa = PBXBuildFile; fileRef = E80F2B1F18DA06A100035BFA /* CTVClassesTableViewController.m */; };
		E80F2B2618DA06E900035BFA /* CTVAddClassViewController.m in Sources */ = {isa = PBXBuildFile; fileRef = E80F2B2518DA06E900035BFA /* CTVAddClassViewController.m */; };
		E886768918F38D2F0090EB19 /* CTVPostQuestionViewController.m in Sources */ = {isa = PBXBuildFile; fileRef = E886768818F38D2F0090EB19 /* CTVPostQuestionViewController.m */; };
		E8B4306D1901F25300982321 /* round_icon_flat_green_clear.png in Resources */ = {isa = PBXBuildFile; fileRef = E8B4306C1901F25300982321 /* round_icon_flat_green_clear.png */; };
		E8B4306F1901F26200982321 /* round_icon_flat_grey.png in Resources */ = {isa = PBXBuildFile; fileRef = E8B4306E1901F26200982321 /* round_icon_flat_grey.png */; };
		E8DCFE2D19081A5600ABE0E0 /* CTVPostAnswerViewController.m in Sources */ = {isa = PBXBuildFile; fileRef = E8DCFE2C19081A5600ABE0E0 /* CTVPostAnswerViewController.m */; };
		E8EA977B18ECE4F900B32C3D /* CTVLiveBoardTableViewController.m in Sources */ = {isa = PBXBuildFile; fileRef = E8EA977A18ECE4F900B32C3D /* CTVLiveBoardTableViewController.m */; };
		E8EA977E18ECE93700B32C3D /* CTVViewQuestionViewController.m in Sources */ = {isa = PBXBuildFile; fileRef = E8EA977D18ECE93700B32C3D /* CTVViewQuestionViewController.m */; };
		E8EA978118EE4FF100B32C3D /* CTVRegistrationViewController.m in Sources */ = {isa = PBXBuildFile; fileRef = E8EA978018EE4FF100B32C3D /* CTVRegistrationViewController.m */; };
		E8F1FA5B1908717300BFB997 /* ico1_off.png in Resources */ = {isa = PBXBuildFile; fileRef = E8F1FA591908717300BFB997 /* ico1_off.png */; };
		E8F1FA5C1908717300BFB997 /* ico1_off_clear.png in Resources */ = {isa = PBXBuildFile; fileRef = E8F1FA5A1908717300BFB997 /* ico1_off_clear.png */; };
		E8F1FA5E1908717A00BFB997 /* cell_back3_selected.png in Resources */ = {isa = PBXBuildFile; fileRef = E8F1FA5D1908717A00BFB997 /* cell_back3_selected.png */; };
/* End PBXBuildFile section */

/* Begin PBXContainerItemProxy section */
		E80F2B0918D8B78700035BFA /* PBXContainerItemProxy */ = {
			isa = PBXContainerItemProxy;
			containerPortal = E80F2ADB18D8B78600035BFA /* Project object */;
			proxyType = 1;
			remoteGlobalIDString = E80F2AE218D8B78700035BFA;
			remoteInfo = ChalkTheVoteMobile;
		};
/* End PBXContainerItemProxy section */

/* Begin PBXFileReference section */
		310467A119188D4900319AE1 /* image1.png */ = {isa = PBXFileReference; lastKnownFileType = image.png; path = image1.png; sourceTree = "<group>"; };
		310467A219188D4900319AE1 /* image2.png */ = {isa = PBXFileReference; lastKnownFileType = image.png; path = image2.png; sourceTree = "<group>"; };
		310467A5191890A200319AE1 /* image3.png */ = {isa = PBXFileReference; lastKnownFileType = image.png; path = image3.png; sourceTree = "<group>"; };
		310467A6191890A200319AE1 /* image7.png */ = {isa = PBXFileReference; lastKnownFileType = image.png; path = image7.png; sourceTree = "<group>"; };
		310467A91918916500319AE1 /* image4.png */ = {isa = PBXFileReference; lastKnownFileType = image.png; path = image4.png; sourceTree = "<group>"; };
		310467AB1918947900319AE1 /* image_set1.png */ = {isa = PBXFileReference; lastKnownFileType = image.png; path = image_set1.png; sourceTree = "<group>"; };
		310467F519189B7300319AE1 /* gear.png */ = {isa = PBXFileReference; lastKnownFileType = image.png; path = gear.png; sourceTree = "<group>"; };
		310467F719189E4200319AE1 /* gear_clear.png */ = {isa = PBXFileReference; lastKnownFileType = image.png; path = gear_clear.png; sourceTree = "<group>"; };
		310467F91918A28600319AE1 /* image5.png */ = {isa = PBXFileReference; lastKnownFileType = image.png; path = image5.png; sourceTree = "<group>"; };
		3108B122190B72800028B33D /* username.png */ = {isa = PBXFileReference; lastKnownFileType = image.png; path = username.png; sourceTree = "<group>"; };
		3108B124190B72880028B33D /* password.png */ = {isa = PBXFileReference; lastKnownFileType = image.png; path = password.png; sourceTree = "<group>"; };
		3116097D190B626500A9A37E /* textField.png */ = {isa = PBXFileReference; lastKnownFileType = image.png; path = textField.png; sourceTree = "<group>"; };
		3116097F190B633300A9A37E /* textField2.png */ = {isa = PBXFileReference; lastKnownFileType = image.png; path = textField2.png; sourceTree = "<group>"; };
		31160981190B63D600A9A37E /* CTV_login_screen_2.png */ = {isa = PBXFileReference; lastKnownFileType = image.png; path = CTV_login_screen_2.png; sourceTree = "<group>"; };
		31160983190B662D00A9A37E /* txtField_3.png */ = {isa = PBXFileReference; lastKnownFileType = image.png; path = txtField_3.png; sourceTree = "<group>"; };
		31160985190B676800A9A37E /* ChalkTheVote_newLogo_gradient.png */ = {isa = PBXFileReference; lastKnownFileType = image.png; path = ChalkTheVote_newLogo_gradient.png; sourceTree = "<group>"; };
		31160987190B685D00A9A37E /* login.png */ = {isa = PBXFileReference; lastKnownFileType = image.png; path = login.png; sourceTree = "<group>"; };
		3127431B18FF53D50053B47A /* Icon-114.png */ = {isa = PBXFileReference; lastKnownFileType = image.png; path = "Icon-114.png"; sourceTree = "<group>"; };
		317D4A67190D4AD900DB744E /* icon_CTV.png */ = {isa = PBXFileReference; lastKnownFileType = image.png; path = icon_CTV.png; sourceTree = "<group>"; };
		31B3FB9318F48BA60067BA4C /* CTV_app_background.png */ = {isa = PBXFileReference; lastKnownFileType = image.png; path = CTV_app_background.png; sourceTree = "<group>"; };
		31B434F318FE328600B1F15D /* CTV_login_screen.png */ = {isa = PBXFileReference; lastKnownFileType = image.png; path = CTV_login_screen.png; sourceTree = "<group>"; };
		31B434F518FE3E8800B1F15D /* CTV_app_classes.png */ = {isa = PBXFileReference; lastKnownFileType = image.png; path = CTV_app_classes.png; sourceTree = "<group>"; };
		31B434F918FE487500B1F15D /* chalkLine.png */ = {isa = PBXFileReference; lastKnownFileType = image.png; path = chalkLine.png; sourceTree = "<group>"; };
		31B434FB18FE4B4700B1F15D /* CTV_class_selection.png */ = {isa = PBXFileReference; lastKnownFileType = image.png; path = CTV_class_selection.png; sourceTree = "<group>"; };
		31B434FD18FEDC4B00B1F15D /* cell_background.png */ = {isa = PBXFileReference; lastKnownFileType = image.png; path = cell_background.png; sourceTree = "<group>"; };
		31B434FF18FEDED200B1F15D /* cell_height2.png */ = {isa = PBXFileReference; lastKnownFileType = image.png; path = cell_height2.png; sourceTree = "<group>"; };
		31B4350118FEE01200B1F15D /* cell_back3.png */ = {isa = PBXFileReference; lastKnownFileType = image.png; path = cell_back3.png; sourceTree = "<group>"; };
		31C6F4B218FF23030078ED72 /* CTV_app_background_3.png */ = {isa = PBXFileReference; lastKnownFileType = image.png; path = CTV_app_background_3.png; sourceTree = "<group>"; };
		31C6F4B418FF241C0078ED72 /* CTV_app_background_4.png */ = {isa = PBXFileReference; lastKnownFileType = image.png; path = CTV_app_background_4.png; sourceTree = "<group>"; };
		E80F2AE318D8B78700035BFA /* ChalkTheVoteMobile.app */ = {isa = PBXFileReference; explicitFileType = wrapper.application; includeInIndex = 0; path = ChalkTheVoteMobile.app; sourceTree = BUILT_PRODUCTS_DIR; };
		E80F2AE618D8B78700035BFA /* Foundation.framework */ = {isa = PBXFileReference; lastKnownFileType = wrapper.framework; name = Foundation.framework; path = System/Library/Frameworks/Foundation.framework; sourceTree = SDKROOT; };
		E80F2AE818D8B78700035BFA /* CoreGraphics.framework */ = {isa = PBXFileReference; lastKnownFileType = wrapper.framework; name = CoreGraphics.framework; path = System/Library/Frameworks/CoreGraphics.framework; sourceTree = SDKROOT; };
		E80F2AEA18D8B78700035BFA /* UIKit.framework */ = {isa = PBXFileReference; lastKnownFileType = wrapper.framework; name = UIKit.framework; path = System/Library/Frameworks/UIKit.framework; sourceTree = SDKROOT; };
		E80F2AEE18D8B78700035BFA /* ChalkTheVoteMobile-Info.plist */ = {isa = PBXFileReference; lastKnownFileType = text.plist.xml; path = "ChalkTheVoteMobile-Info.plist"; sourceTree = "<group>"; };
		E80F2AF018D8B78700035BFA /* en */ = {isa = PBXFileReference; lastKnownFileType = text.plist.strings; name = en; path = en.lproj/InfoPlist.strings; sourceTree = "<group>"; };
		E80F2AF218D8B78700035BFA /* main.m */ = {isa = PBXFileReference; lastKnownFileType = sourcecode.c.objc; path = main.m; sourceTree = "<group>"; };
		E80F2AF418D8B78700035BFA /* ChalkTheVoteMobile-Prefix.pch */ = {isa = PBXFileReference; lastKnownFileType = sourcecode.c.h; path = "ChalkTheVoteMobile-Prefix.pch"; sourceTree = "<group>"; };
		E80F2AF518D8B78700035BFA /* CTVAppDelegate.h */ = {isa = PBXFileReference; lastKnownFileType = sourcecode.c.h; path = CTVAppDelegate.h; sourceTree = "<group>"; };
		E80F2AF618D8B78700035BFA /* CTVAppDelegate.m */ = {isa = PBXFileReference; lastKnownFileType = sourcecode.c.objc; path = CTVAppDelegate.m; sourceTree = "<group>"; };
		E80F2AF918D8B78700035BFA /* Base */ = {isa = PBXFileReference; lastKnownFileType = file.storyboard; name = Base; path = Base.lproj/Main.storyboard; sourceTree = "<group>"; };
		E80F2AFB18D8B78700035BFA /* CTVViewController.h */ = {isa = PBXFileReference; lastKnownFileType = sourcecode.c.h; path = CTVViewController.h; sourceTree = "<group>"; };
		E80F2AFC18D8B78700035BFA /* CTVViewController.m */ = {isa = PBXFileReference; lastKnownFileType = sourcecode.c.objc; path = CTVViewController.m; sourceTree = "<group>"; };
		E80F2AFE18D8B78700035BFA /* Images.xcassets */ = {isa = PBXFileReference; lastKnownFileType = folder.assetcatalog; path = Images.xcassets; sourceTree = "<group>"; };
		E80F2B0418D8B78700035BFA /* ChalkTheVoteMobileTests.xctest */ = {isa = PBXFileReference; explicitFileType = wrapper.cfbundle; includeInIndex = 0; path = ChalkTheVoteMobileTests.xctest; sourceTree = BUILT_PRODUCTS_DIR; };
		E80F2B0518D8B78700035BFA /* XCTest.framework */ = {isa = PBXFileReference; lastKnownFileType = wrapper.framework; name = XCTest.framework; path = Library/Frameworks/XCTest.framework; sourceTree = DEVELOPER_DIR; };
		E80F2B0D18D8B78700035BFA /* ChalkTheVoteMobileTests-Info.plist */ = {isa = PBXFileReference; lastKnownFileType = text.plist.xml; path = "ChalkTheVoteMobileTests-Info.plist"; sourceTree = "<group>"; };
		E80F2B0F18D8B78700035BFA /* en */ = {isa = PBXFileReference; lastKnownFileType = text.plist.strings; name = en; path = en.lproj/InfoPlist.strings; sourceTree = "<group>"; };
		E80F2B1118D8B78700035BFA /* ChalkTheVoteMobileTests.m */ = {isa = PBXFileReference; lastKnownFileType = sourcecode.c.objc; path = ChalkTheVoteMobileTests.m; sourceTree = "<group>"; };
		E80F2B1E18DA06A100035BFA /* CTVClassesTableViewController.h */ = {isa = PBXFileReference; fileEncoding = 4; lastKnownFileType = sourcecode.c.h; name = CTVClassesTableViewController.h; path = ../CTVClassesTableViewController.h; sourceTree = "<group>"; };
		E80F2B1F18DA06A100035BFA /* CTVClassesTableViewController.m */ = {isa = PBXFileReference; fileEncoding = 4; lastKnownFileType = sourcecode.c.objc; name = CTVClassesTableViewController.m; path = ../CTVClassesTableViewController.m; sourceTree = "<group>"; };
		E80F2B2418DA06E900035BFA /* CTVAddClassViewController.h */ = {isa = PBXFileReference; fileEncoding = 4; lastKnownFileType = sourcecode.c.h; path = CTVAddClassViewController.h; sourceTree = "<group>"; };
		E80F2B2518DA06E900035BFA /* CTVAddClassViewController.m */ = {isa = PBXFileReference; fileEncoding = 4; lastKnownFileType = sourcecode.c.objc; path = CTVAddClassViewController.m; sourceTree = "<group>"; };
		E886768718F38D2F0090EB19 /* CTVPostQuestionViewController.h */ = {isa = PBXFileReference; fileEncoding = 4; lastKnownFileType = sourcecode.c.h; path = CTVPostQuestionViewController.h; sourceTree = "<group>"; };
		E886768818F38D2F0090EB19 /* CTVPostQuestionViewController.m */ = {isa = PBXFileReference; fileEncoding = 4; lastKnownFileType = sourcecode.c.objc; path = CTVPostQuestionViewController.m; sourceTree = "<group>"; };
		E8B4306C1901F25300982321 /* round_icon_flat_green_clear.png */ = {isa = PBXFileReference; lastKnownFileType = image.png; path = round_icon_flat_green_clear.png; sourceTree = "<group>"; };
		E8B4306E1901F26200982321 /* round_icon_flat_grey.png */ = {isa = PBXFileReference; lastKnownFileType = image.png; path = round_icon_flat_grey.png; sourceTree = "<group>"; };
		E8DCFE2B19081A5600ABE0E0 /* CTVPostAnswerViewController.h */ = {isa = PBXFileReference; fileEncoding = 4; lastKnownFileType = sourcecode.c.h; path = CTVPostAnswerViewController.h; sourceTree = "<group>"; };
		E8DCFE2C19081A5600ABE0E0 /* CTVPostAnswerViewController.m */ = {isa = PBXFileReference; fileEncoding = 4; lastKnownFileType = sourcecode.c.objc; path = CTVPostAnswerViewController.m; sourceTree = "<group>"; };
		E8EA977918ECE4F900B32C3D /* CTVLiveBoardTableViewController.h */ = {isa = PBXFileReference; fileEncoding = 4; lastKnownFileType = sourcecode.c.h; path = CTVLiveBoardTableViewController.h; sourceTree = "<group>"; };
		E8EA977A18ECE4F900B32C3D /* CTVLiveBoardTableViewController.m */ = {isa = PBXFileReference; fileEncoding = 4; lastKnownFileType = sourcecode.c.objc; path = CTVLiveBoardTableViewController.m; sourceTree = "<group>"; };
		E8EA977C18ECE93700B32C3D /* CTVViewQuestionViewController.h */ = {isa = PBXFileReference; fileEncoding = 4; lastKnownFileType = sourcecode.c.h; path = CTVViewQuestionViewController.h; sourceTree = "<group>"; };
		E8EA977D18ECE93700B32C3D /* CTVViewQuestionViewController.m */ = {isa = PBXFileReference; fileEncoding = 4; lastKnownFileType = sourcecode.c.objc; path = CTVViewQuestionViewController.m; sourceTree = "<group>"; };
		E8EA977F18EE4FF100B32C3D /* CTVRegistrationViewController.h */ = {isa = PBXFileReference; fileEncoding = 4; lastKnownFileType = sourcecode.c.h; path = CTVRegistrationViewController.h; sourceTree = "<group>"; };
		E8EA978018EE4FF100B32C3D /* CTVRegistrationViewController.m */ = {isa = PBXFileReference; fileEncoding = 4; lastKnownFileType = sourcecode.c.objc; path = CTVRegistrationViewController.m; sourceTree = "<group>"; };
		E8F1FA591908717300BFB997 /* ico1_off.png */ = {isa = PBXFileReference; lastKnownFileType = image.png; path = ico1_off.png; sourceTree = "<group>"; };
		E8F1FA5A1908717300BFB997 /* ico1_off_clear.png */ = {isa = PBXFileReference; lastKnownFileType = image.png; path = ico1_off_clear.png; sourceTree = "<group>"; };
		E8F1FA5D1908717A00BFB997 /* cell_back3_selected.png */ = {isa = PBXFileReference; lastKnownFileType = image.png; path = cell_back3_selected.png; sourceTree = "<group>"; };
/* End PBXFileReference section */

/* Begin PBXFrameworksBuildPhase section */
		E80F2AE018D8B78700035BFA /* Frameworks */ = {
			isa = PBXFrameworksBuildPhase;
			buildActionMask = 2147483647;
			files = (
				E80F2AE918D8B78700035BFA /* CoreGraphics.framework in Frameworks */,
				E80F2AEB18D8B78700035BFA /* UIKit.framework in Frameworks */,
				E80F2AE718D8B78700035BFA /* Foundation.framework in Frameworks */,
			);
			runOnlyForDeploymentPostprocessing = 0;
		};
		E80F2B0118D8B78700035BFA /* Frameworks */ = {
			isa = PBXFrameworksBuildPhase;
			buildActionMask = 2147483647;
			files = (
				E80F2B0618D8B78700035BFA /* XCTest.framework in Frameworks */,
				E80F2B0818D8B78700035BFA /* UIKit.framework in Frameworks */,
				E80F2B0718D8B78700035BFA /* Foundation.framework in Frameworks */,
			);
			runOnlyForDeploymentPostprocessing = 0;
		};
/* End PBXFrameworksBuildPhase section */

/* Begin PBXGroup section */
		E80F2ADA18D8B78600035BFA = {
			isa = PBXGroup;
			children = (
				E80F2AEC18D8B78700035BFA /* ChalkTheVoteMobile */,
				E80F2B0B18D8B78700035BFA /* ChalkTheVoteMobileTests */,
				E80F2AE518D8B78700035BFA /* Frameworks */,
				E80F2AE418D8B78700035BFA /* Products */,
			);
			sourceTree = "<group>";
		};
		E80F2AE418D8B78700035BFA /* Products */ = {
			isa = PBXGroup;
			children = (
				E80F2AE318D8B78700035BFA /* ChalkTheVoteMobile.app */,
				E80F2B0418D8B78700035BFA /* ChalkTheVoteMobileTests.xctest */,
			);
			name = Products;
			sourceTree = "<group>";
		};
		E80F2AE518D8B78700035BFA /* Frameworks */ = {
			isa = PBXGroup;
			children = (
				E80F2AE618D8B78700035BFA /* Foundation.framework */,
				E80F2AE818D8B78700035BFA /* CoreGraphics.framework */,
				E80F2AEA18D8B78700035BFA /* UIKit.framework */,
				E80F2B0518D8B78700035BFA /* XCTest.framework */,
			);
			name = Frameworks;
			sourceTree = "<group>";
		};
		E80F2AEC18D8B78700035BFA /* ChalkTheVoteMobile */ = {
			isa = PBXGroup;
			children = (
				E8F1FA5D1908717A00BFB997 /* cell_back3_selected.png */,
				E8F1FA591908717300BFB997 /* ico1_off.png */,
				E8F1FA5A1908717300BFB997 /* ico1_off_clear.png */,
				E8B4306E1901F26200982321 /* round_icon_flat_grey.png */,
				E8B4306C1901F25300982321 /* round_icon_flat_green_clear.png */,
				E80F2B2418DA06E900035BFA /* CTVAddClassViewController.h */,
				E80F2B2518DA06E900035BFA /* CTVAddClassViewController.m */,
				E80F2B1E18DA06A100035BFA /* CTVClassesTableViewController.h */,
				E80F2B1F18DA06A100035BFA /* CTVClassesTableViewController.m */,
				E80F2AF518D8B78700035BFA /* CTVAppDelegate.h */,
				E80F2AF618D8B78700035BFA /* CTVAppDelegate.m */,
				E80F2AF818D8B78700035BFA /* Main.storyboard */,
				E80F2AFB18D8B78700035BFA /* CTVViewController.h */,
				E80F2AFC18D8B78700035BFA /* CTVViewController.m */,
				31B434F318FE328600B1F15D /* CTV_login_screen.png */,
				31B434F518FE3E8800B1F15D /* CTV_app_classes.png */,
				31B434F918FE487500B1F15D /* chalkLine.png */,
				31B3FB9318F48BA60067BA4C /* CTV_app_background.png */,
				31B434FB18FE4B4700B1F15D /* CTV_class_selection.png */,
				31B434FD18FEDC4B00B1F15D /* cell_background.png */,
				31B434FF18FEDED200B1F15D /* cell_height2.png */,
				31C6F4B218FF23030078ED72 /* CTV_app_background_3.png */,
				31C6F4B418FF241C0078ED72 /* CTV_app_background_4.png */,
				31B4350118FEE01200B1F15D /* cell_back3.png */,
				3127431B18FF53D50053B47A /* Icon-114.png */,
				3116097D190B626500A9A37E /* textField.png */,
				3116097F190B633300A9A37E /* textField2.png */,
				31160983190B662D00A9A37E /* txtField_3.png */,
				31160981190B63D600A9A37E /* CTV_login_screen_2.png */,
				31160985190B676800A9A37E /* ChalkTheVote_newLogo_gradient.png */,
				31160987190B685D00A9A37E /* login.png */,
				3108B122190B72800028B33D /* username.png */,
				310467F519189B7300319AE1 /* gear.png */,
				3108B124190B72880028B33D /* password.png */,
				317D4A67190D4AD900DB744E /* icon_CTV.png */,
				310467A119188D4900319AE1 /* image1.png */,
				310467A219188D4900319AE1 /* image2.png */,
				310467A5191890A200319AE1 /* image3.png */,
				310467A91918916500319AE1 /* image4.png */,
				310467A6191890A200319AE1 /* image7.png */,
				310467F91918A28600319AE1 /* image5.png */,
				310467AB1918947900319AE1 /* image_set1.png */,
				310467F719189E4200319AE1 /* gear_clear.png */,
				E80F2AFE18D8B78700035BFA /* Images.xcassets */,
				E80F2AED18D8B78700035BFA /* Supporting Files */,
				E8EA977918ECE4F900B32C3D /* CTVLiveBoardTableViewController.h */,
				E8EA977A18ECE4F900B32C3D /* CTVLiveBoardTableViewController.m */,
				E8EA977C18ECE93700B32C3D /* CTVViewQuestionViewController.h */,
				E8EA977D18ECE93700B32C3D /* CTVViewQuestionViewController.m */,
				E8EA977F18EE4FF100B32C3D /* CTVRegistrationViewController.h */,
				E8EA978018EE4FF100B32C3D /* CTVRegistrationViewController.m */,
				E886768718F38D2F0090EB19 /* CTVPostQuestionViewController.h */,
				E886768818F38D2F0090EB19 /* CTVPostQuestionViewController.m */,
				E8DCFE2B19081A5600ABE0E0 /* CTVPostAnswerViewController.h */,
				E8DCFE2C19081A5600ABE0E0 /* CTVPostAnswerViewController.m */,
			);
			path = ChalkTheVoteMobile;
			sourceTree = "<group>";
		};
		E80F2AED18D8B78700035BFA /* Supporting Files */ = {
			isa = PBXGroup;
			children = (
				E80F2AEE18D8B78700035BFA /* ChalkTheVoteMobile-Info.plist */,
				E80F2AEF18D8B78700035BFA /* InfoPlist.strings */,
				E80F2AF218D8B78700035BFA /* main.m */,
				E80F2AF418D8B78700035BFA /* ChalkTheVoteMobile-Prefix.pch */,
			);
			name = "Supporting Files";
			sourceTree = "<group>";
		};
		E80F2B0B18D8B78700035BFA /* ChalkTheVoteMobileTests */ = {
			isa = PBXGroup;
			children = (
				E80F2B1118D8B78700035BFA /* ChalkTheVoteMobileTests.m */,
				E80F2B0C18D8B78700035BFA /* Supporting Files */,
			);
			path = ChalkTheVoteMobileTests;
			sourceTree = "<group>";
		};
		E80F2B0C18D8B78700035BFA /* Supporting Files */ = {
			isa = PBXGroup;
			children = (
				E80F2B0D18D8B78700035BFA /* ChalkTheVoteMobileTests-Info.plist */,
				E80F2B0E18D8B78700035BFA /* InfoPlist.strings */,
			);
			name = "Supporting Files";
			sourceTree = "<group>";
		};
/* End PBXGroup section */

/* Begin PBXNativeTarget section */
		E80F2AE218D8B78700035BFA /* ChalkTheVoteMobile */ = {
			isa = PBXNativeTarget;
			buildConfigurationList = E80F2B1518D8B78700035BFA /* Build configuration list for PBXNativeTarget "ChalkTheVoteMobile" */;
			buildPhases = (
				E80F2ADF18D8B78700035BFA /* Sources */,
				E80F2AE018D8B78700035BFA /* Frameworks */,
				E80F2AE118D8B78700035BFA /* Resources */,
			);
			buildRules = (
			);
			dependencies = (
			);
			name = ChalkTheVoteMobile;
			productName = ChalkTheVoteMobile;
			productReference = E80F2AE318D8B78700035BFA /* ChalkTheVoteMobile.app */;
			productType = "com.apple.product-type.application";
		};
		E80F2B0318D8B78700035BFA /* ChalkTheVoteMobileTests */ = {
			isa = PBXNativeTarget;
			buildConfigurationList = E80F2B1818D8B78700035BFA /* Build configuration list for PBXNativeTarget "ChalkTheVoteMobileTests" */;
			buildPhases = (
				E80F2B0018D8B78700035BFA /* Sources */,
				E80F2B0118D8B78700035BFA /* Frameworks */,
				E80F2B0218D8B78700035BFA /* Resources */,
			);
			buildRules = (
			);
			dependencies = (
				E80F2B0A18D8B78700035BFA /* PBXTargetDependency */,
			);
			name = ChalkTheVoteMobileTests;
			productName = ChalkTheVoteMobileTests;
			productReference = E80F2B0418D8B78700035BFA /* ChalkTheVoteMobileTests.xctest */;
			productType = "com.apple.product-type.bundle.unit-test";
		};
/* End PBXNativeTarget section */

/* Begin PBXProject section */
		E80F2ADB18D8B78600035BFA /* Project object */ = {
			isa = PBXProject;
			attributes = {
				CLASSPREFIX = CTV;
				LastUpgradeCheck = 0510;
				ORGANIZATIONNAME = "Brandon Craig";
				TargetAttributes = {
					E80F2AE218D8B78700035BFA = {
						DevelopmentTeam = 625732G463;
					};
					E80F2B0318D8B78700035BFA = {
						TestTargetID = E80F2AE218D8B78700035BFA;
					};
				};
			};
			buildConfigurationList = E80F2ADE18D8B78600035BFA /* Build configuration list for PBXProject "ChalkTheVoteMobile" */;
			compatibilityVersion = "Xcode 3.2";
			developmentRegion = English;
			hasScannedForEncodings = 0;
			knownRegions = (
				en,
				Base,
			);
			mainGroup = E80F2ADA18D8B78600035BFA;
			productRefGroup = E80F2AE418D8B78700035BFA /* Products */;
			projectDirPath = "";
			projectRoot = "";
			targets = (
				E80F2AE218D8B78700035BFA /* ChalkTheVoteMobile */,
				E80F2B0318D8B78700035BFA /* ChalkTheVoteMobileTests */,
			);
		};
/* End PBXProject section */

/* Begin PBXResourcesBuildPhase section */
		E80F2AE118D8B78700035BFA /* Resources */ = {
			isa = PBXResourcesBuildPhase;
			buildActionMask = 2147483647;
			files = (
				317D4A68190D4AD900DB744E /* icon_CTV.png in Resources */,
				310467F619189B7300319AE1 /* gear.png in Resources */,
				31160982190B63D600A9A37E /* CTV_login_screen_2.png in Resources */,
				E80F2AFF18D8B78700035BFA /* Images.xcassets in Resources */,
				31C6F4B318FF23030078ED72 /* CTV_app_background_3.png in Resources */,
				31B434FC18FE4B4700B1F15D /* CTV_class_selection.png in Resources */,
				31B3FB9418F48BA60067BA4C /* CTV_app_background.png in Resources */,
				31B4350018FEDED200B1F15D /* cell_height2.png in Resources */,
				3116097E190B626500A9A37E /* textField.png in Resources */,
				E8F1FA5E1908717A00BFB997 /* cell_back3_selected.png in Resources */,
				310467A7191890A200319AE1 /* image3.png in Resources */,
				E80F2AF118D8B78700035BFA /* InfoPlist.strings in Resources */,
				3108B125190B72880028B33D /* password.png in Resources */,
				310467AA1918916500319AE1 /* image4.png in Resources */,
				310467A319188D4900319AE1 /* image1.png in Resources */,
				31B434FA18FE487500B1F15D /* chalkLine.png in Resources */,
				31160980190B633300A9A37E /* textField2.png in Resources */,
				310467AC1918947900319AE1 /* image_set1.png in Resources */,
				31160988190B685D00A9A37E /* login.png in Resources */,
				E8B4306F1901F26200982321 /* round_icon_flat_grey.png in Resources */,
				31B434F418FE328600B1F15D /* CTV_login_screen.png in Resources */,
				31C6F4B518FF241C0078ED72 /* CTV_app_background_4.png in Resources */,
				310467FA1918A28600319AE1 /* image5.png in Resources */,
				310467F819189E4300319AE1 /* gear_clear.png in Resources */,
				31B434F618FE3E8800B1F15D /* CTV_app_classes.png in Resources */,
				310467A8191890A200319AE1 /* image7.png in Resources */,
				E80F2AFA18D8B78700035BFA /* Main.storyboard in Resources */,
				31160984190B662D00A9A37E /* txtField_3.png in Resources */,
				E8B4306D1901F25300982321 /* round_icon_flat_green_clear.png in Resources */,
				E8F1FA5C1908717300BFB997 /* ico1_off_clear.png in Resources */,
				3127431C18FF53D50053B47A /* Icon-114.png in Resources */,
				31B4350218FEE01200B1F15D /* cell_back3.png in Resources */,
				31B434FE18FEDC4B00B1F15D /* cell_background.png in Resources */,
				310467A419188D4900319AE1 /* image2.png in Resources */,
				E8F1FA5B1908717300BFB997 /* ico1_off.png in Resources */,
				31160986190B676800A9A37E /* ChalkTheVote_newLogo_gradient.png in Resources */,
				3108B123190B72800028B33D /* username.png in Resources */,
			);
			runOnlyForDeploymentPostprocessing = 0;
		};
		E80F2B0218D8B78700035BFA /* Resources */ = {
			isa = PBXResourcesBuildPhase;
			buildActionMask = 2147483647;
			files = (
				E80F2B1018D8B78700035BFA /* InfoPlist.strings in Resources */,
			);
			runOnlyForDeploymentPostprocessing = 0;
		};
/* End PBXResourcesBuildPhase section */

/* Begin PBXSourcesBuildPhase section */
		E80F2ADF18D8B78700035BFA /* Sources */ = {
			isa = PBXSourcesBuildPhase;
			buildActionMask = 2147483647;
			files = (
				E886768918F38D2F0090EB19 /* CTVPostQuestionViewController.m in Sources */,
				E8EA977B18ECE4F900B32C3D /* CTVLiveBoardTableViewController.m in Sources */,
				E8EA978118EE4FF100B32C3D /* CTVRegistrationViewController.m in Sources */,
				E80F2B2018DA06A100035BFA /* CTVClassesTableViewController.m in Sources */,
				E8DCFE2D19081A5600ABE0E0 /* CTVPostAnswerViewController.m in Sources */,
				E80F2B2618DA06E900035BFA /* CTVAddClassViewController.m in Sources */,
				E80F2AF718D8B78700035BFA /* CTVAppDelegate.m in Sources */,
				E8EA977E18ECE93700B32C3D /* CTVViewQuestionViewController.m in Sources */,
				E80F2AF318D8B78700035BFA /* main.m in Sources */,
				E80F2AFD18D8B78700035BFA /* CTVViewController.m in Sources */,
			);
			runOnlyForDeploymentPostprocessing = 0;
		};
		E80F2B0018D8B78700035BFA /* Sources */ = {
			isa = PBXSourcesBuildPhase;
			buildActionMask = 2147483647;
			files = (
				E80F2B1218D8B78700035BFA /* ChalkTheVoteMobileTests.m in Sources */,
			);
			runOnlyForDeploymentPostprocessing = 0;
		};
/* End PBXSourcesBuildPhase section */

/* Begin PBXTargetDependency section */
		E80F2B0A18D8B78700035BFA /* PBXTargetDependency */ = {
			isa = PBXTargetDependency;
			target = E80F2AE218D8B78700035BFA /* ChalkTheVoteMobile */;
			targetProxy = E80F2B0918D8B78700035BFA /* PBXContainerItemProxy */;
		};
/* End PBXTargetDependency section */

/* Begin PBXVariantGroup section */
		E80F2AEF18D8B78700035BFA /* InfoPlist.strings */ = {
			isa = PBXVariantGroup;
			children = (
				E80F2AF018D8B78700035BFA /* en */,
			);
			name = InfoPlist.strings;
			sourceTree = "<group>";
		};
		E80F2AF818D8B78700035BFA /* Main.storyboard */ = {
			isa = PBXVariantGroup;
			children = (
				E80F2AF918D8B78700035BFA /* Base */,
			);
			name = Main.storyboard;
			sourceTree = "<group>";
		};
		E80F2B0E18D8B78700035BFA /* InfoPlist.strings */ = {
			isa = PBXVariantGroup;
			children = (
				E80F2B0F18D8B78700035BFA /* en */,
			);
			name = InfoPlist.strings;
			sourceTree = "<group>";
		};
/* End PBXVariantGroup section */

/* Begin XCBuildConfiguration section */
		E80F2B1318D8B78700035BFA /* Debug */ = {
			isa = XCBuildConfiguration;
			buildSettings = {
				ALWAYS_SEARCH_USER_PATHS = NO;
				CLANG_CXX_LANGUAGE_STANDARD = "gnu++0x";
				CLANG_CXX_LIBRARY = "libc++";
				CLANG_ENABLE_MODULES = YES;
				CLANG_ENABLE_OBJC_ARC = YES;
				CLANG_WARN_BOOL_CONVERSION = YES;
				CLANG_WARN_CONSTANT_CONVERSION = YES;
				CLANG_WARN_DIRECT_OBJC_ISA_USAGE = YES_ERROR;
				CLANG_WARN_EMPTY_BODY = YES;
				CLANG_WARN_ENUM_CONVERSION = YES;
				CLANG_WARN_INT_CONVERSION = YES;
				CLANG_WARN_OBJC_ROOT_CLASS = YES_ERROR;
				CLANG_WARN__DUPLICATE_METHOD_MATCH = YES;
				"CODE_SIGN_IDENTITY[sdk=iphoneos*]" = "iPhone Developer";
				COPY_PHASE_STRIP = NO;
				GCC_C_LANGUAGE_STANDARD = gnu99;
				GCC_DYNAMIC_NO_PIC = NO;
				GCC_OPTIMIZATION_LEVEL = 0;
				GCC_PREPROCESSOR_DEFINITIONS = (
					"DEBUG=1",
					"$(inherited)",
				);
				GCC_SYMBOLS_PRIVATE_EXTERN = NO;
				GCC_WARN_64_TO_32_BIT_CONVERSION = YES;
				GCC_WARN_ABOUT_RETURN_TYPE = YES_ERROR;
				GCC_WARN_UNDECLARED_SELECTOR = YES;
				GCC_WARN_UNINITIALIZED_AUTOS = YES;
				GCC_WARN_UNUSED_FUNCTION = YES;
				GCC_WARN_UNUSED_VARIABLE = YES;
				IPHONEOS_DEPLOYMENT_TARGET = 7.0;
				ONLY_ACTIVE_ARCH = YES;
				SDKROOT = iphoneos;
			};
			name = Debug;
		};
		E80F2B1418D8B78700035BFA /* Release */ = {
			isa = XCBuildConfiguration;
			buildSettings = {
				ALWAYS_SEARCH_USER_PATHS = NO;
				CLANG_CXX_LANGUAGE_STANDARD = "gnu++0x";
				CLANG_CXX_LIBRARY = "libc++";
				CLANG_ENABLE_MODULES = YES;
				CLANG_ENABLE_OBJC_ARC = YES;
				CLANG_WARN_BOOL_CONVERSION = YES;
				CLANG_WARN_CONSTANT_CONVERSION = YES;
				CLANG_WARN_DIRECT_OBJC_ISA_USAGE = YES_ERROR;
				CLANG_WARN_EMPTY_BODY = YES;
				CLANG_WARN_ENUM_CONVERSION = YES;
				CLANG_WARN_INT_CONVERSION = YES;
				CLANG_WARN_OBJC_ROOT_CLASS = YES_ERROR;
				CLANG_WARN__DUPLICATE_METHOD_MATCH = YES;
				"CODE_SIGN_IDENTITY[sdk=iphoneos*]" = "iPhone Developer";
				COPY_PHASE_STRIP = YES;
				ENABLE_NS_ASSERTIONS = NO;
				GCC_C_LANGUAGE_STANDARD = gnu99;
				GCC_WARN_64_TO_32_BIT_CONVERSION = YES;
				GCC_WARN_ABOUT_RETURN_TYPE = YES_ERROR;
				GCC_WARN_UNDECLARED_SELECTOR = YES;
				GCC_WARN_UNINITIALIZED_AUTOS = YES;
				GCC_WARN_UNUSED_FUNCTION = YES;
				GCC_WARN_UNUSED_VARIABLE = YES;
				IPHONEOS_DEPLOYMENT_TARGET = 7.0;
				SDKROOT = iphoneos;
				VALIDATE_PRODUCT = YES;
			};
			name = Release;
		};
		E80F2B1618D8B78700035BFA /* Debug */ = {
			isa = XCBuildConfiguration;
			buildSettings = {
				ASSETCATALOG_COMPILER_APPICON_NAME = AppIcon;
				ASSETCATALOG_COMPILER_LAUNCHIMAGE_NAME = LaunchImage;
				CODE_SIGN_IDENTITY = "iPhone Developer";
				"CODE_SIGN_IDENTITY[sdk=iphoneos*]" = "iPhone Developer";
				GCC_PRECOMPILE_PREFIX_HEADER = YES;
				GCC_PREFIX_HEADER = "ChalkTheVoteMobile/ChalkTheVoteMobile-Prefix.pch";
				INFOPLIST_FILE = "ChalkTheVoteMobile/ChalkTheVoteMobile-Info.plist";
				PRODUCT_NAME = "$(TARGET_NAME)";
				PROVISIONING_PROFILE = "";
				WRAPPER_EXTENSION = app;
			};
			name = Debug;
		};
		E80F2B1718D8B78700035BFA /* Release */ = {
			isa = XCBuildConfiguration;
			buildSettings = {
				ASSETCATALOG_COMPILER_APPICON_NAME = AppIcon;
				ASSETCATALOG_COMPILER_LAUNCHIMAGE_NAME = LaunchImage;
				CODE_SIGN_IDENTITY = "iPhone Developer";
				"CODE_SIGN_IDENTITY[sdk=iphoneos*]" = "iPhone Developer";
				GCC_PRECOMPILE_PREFIX_HEADER = YES;
				GCC_PREFIX_HEADER = "ChalkTheVoteMobile/ChalkTheVoteMobile-Prefix.pch";
				INFOPLIST_FILE = "ChalkTheVoteMobile/ChalkTheVoteMobile-Info.plist";
				PRODUCT_NAME = "$(TARGET_NAME)";
				PROVISIONING_PROFILE = "";
				WRAPPER_EXTENSION = app;
			};
			name = Release;
		};
		E80F2B1918D8B78700035BFA /* Debug */ = {
			isa = XCBuildConfiguration;
			buildSettings = {
				BUNDLE_LOADER = "$(BUILT_PRODUCTS_DIR)/ChalkTheVoteMobile.app/ChalkTheVoteMobile";
				FRAMEWORK_SEARCH_PATHS = (
					"$(SDKROOT)/Developer/Library/Frameworks",
					"$(inherited)",
					"$(DEVELOPER_FRAMEWORKS_DIR)",
				);
				GCC_PRECOMPILE_PREFIX_HEADER = YES;
				GCC_PREFIX_HEADER = "ChalkTheVoteMobile/ChalkTheVoteMobile-Prefix.pch";
				GCC_PREPROCESSOR_DEFINITIONS = (
					"DEBUG=1",
					"$(inherited)",
				);
				INFOPLIST_FILE = "ChalkTheVoteMobileTests/ChalkTheVoteMobileTests-Info.plist";
				PRODUCT_NAME = "$(TARGET_NAME)";
				TEST_HOST = "$(BUNDLE_LOADER)";
				WRAPPER_EXTENSION = xctest;
			};
			name = Debug;
		};
		E80F2B1A18D8B78700035BFA /* Release */ = {
			isa = XCBuildConfiguration;
			buildSettings = {
				BUNDLE_LOADER = "$(BUILT_PRODUCTS_DIR)/ChalkTheVoteMobile.app/ChalkTheVoteMobile";
				FRAMEWORK_SEARCH_PATHS = (
					"$(SDKROOT)/Developer/Library/Frameworks",
					"$(inherited)",
					"$(DEVELOPER_FRAMEWORKS_DIR)",
				);
				GCC_PRECOMPILE_PREFIX_HEADER = YES;
				GCC_PREFIX_HEADER = "ChalkTheVoteMobile/ChalkTheVoteMobile-Prefix.pch";
				INFOPLIST_FILE = "ChalkTheVoteMobileTests/ChalkTheVoteMobileTests-Info.plist";
				PRODUCT_NAME = "$(TARGET_NAME)";
				TEST_HOST = "$(BUNDLE_LOADER)";
				WRAPPER_EXTENSION = xctest;
			};
			name = Release;
		};
/* End XCBuildConfiguration section */

/* Begin XCConfigurationList section */
		E80F2ADE18D8B78600035BFA /* Build configuration list for PBXProject "ChalkTheVoteMobile" */ = {
			isa = XCConfigurationList;
			buildConfigurations = (
				E80F2B1318D8B78700035BFA /* Debug */,
				E80F2B1418D8B78700035BFA /* Release */,
			);
			defaultConfigurationIsVisible = 0;
			defaultConfigurationName = Release;
		};
		E80F2B1518D8B78700035BFA /* Build configuration list for PBXNativeTarget "ChalkTheVoteMobile" */ = {
			isa = XCConfigurationList;
			buildConfigurations = (
				E80F2B1618D8B78700035BFA /* Debug */,
				E80F2B1718D8B78700035BFA /* Release */,
			);
			defaultConfigurationIsVisible = 0;
			defaultConfigurationName = Release;
		};
		E80F2B1818D8B78700035BFA /* Build configuration list for PBXNativeTarget "ChalkTheVoteMobileTests" */ = {
			isa = XCConfigurationList;
			buildConfigurations = (
				E80F2B1918D8B78700035BFA /* Debug */,
				E80F2B1A18D8B78700035BFA /* Release */,
			);
			defaultConfigurationIsVisible = 0;
			defaultConfigurationName = Release;
		};
/* End XCConfigurationList section */
	};
	rootObject = E80F2ADB18D8B78600035BFA /* Project object */;
}
